// !$*UTF8*$!
{
	archiveVersion = 1;
	classes = {
	};
	objectVersion = 46;
	objects = {

/* Begin PBXBuildFile section */
		E3FC0CE51D35E2A400C7D773 /* AppDelegate.swift in Sources */ = {isa = PBXBuildFile; fileRef = E3FC0CE41D35E2A400C7D773 /* AppDelegate.swift */; };
		E3FC0CE71D35E2A400C7D773 /* ViewController.swift in Sources */ = {isa = PBXBuildFile; fileRef = E3FC0CE61D35E2A400C7D773 /* ViewController.swift */; };
		E3FC0CEA1D35E2A400C7D773 /* Main.storyboard in Resources */ = {isa = PBXBuildFile; fileRef = E3FC0CE81D35E2A400C7D773 /* Main.storyboard */; };
		E3FC0CEC1D35E2A400C7D773 /* Assets.xcassets in Resources */ = {isa = PBXBuildFile; fileRef = E3FC0CEB1D35E2A400C7D773 /* Assets.xcassets */; };
		E3FC0CEF1D35E2A400C7D773 /* LaunchScreen.storyboard in Resources */ = {isa = PBXBuildFile; fileRef = E3FC0CED1D35E2A400C7D773 /* LaunchScreen.storyboard */; };
/* End PBXBuildFile section */

/* Begin PBXFileReference section */
		E3FC0CE11D35E2A400C7D773 /* SuperCool.app */ = {isa = PBXFileReference; explicitFileType = wrapper.application; includeInIndex = 0; path = SuperCool.app; sourceTree = BUILT_PRODUCTS_DIR; };
		E3FC0CE41D35E2A400C7D773 /* AppDelegate.swift */ = {isa = PBXFileReference; lastKnownFileType = sourcecode.swift; path = AppDelegate.swift; sourceTree = "<group>"; };
		E3FC0CE61D35E2A400C7D773 /* ViewController.swift */ = {isa = PBXFileReference; lastKnownFileType = sourcecode.swift; path = ViewController.swift; sourceTree = "<group>"; };
		E3FC0CE91D35E2A400C7D773 /* Base */ = {isa = PBXFileReference; lastKnownFileType = file.storyboard; name = Base; path = Base.lproj/Main.storyboard; sourceTree = "<group>"; };
		E3FC0CEB1D35E2A400C7D773 /* Assets.xcassets */ = {isa = PBXFileReference; lastKnownFileType = folder.assetcatalog; path = Assets.xcassets; sourceTree = "<group>"; };
		E3FC0CEE1D35E2A400C7D773 /* Base */ = {isa = PBXFileReference; lastKnownFileType = file.storyboard; name = Base; path = Base.lproj/LaunchScreen.storyboard; sourceTree = "<group>"; };
		E3FC0CF01D35E2A400C7D773 /* Info.plist */ = {isa = PBXFileReference; lastKnownFileType = text.plist.xml; path = Info.plist; sourceTree = "<group>"; };
/* End PBXFileReference section */

/* Begin PBXFrameworksBuildPhase section */
		E3FC0CDE1D35E2A400C7D773 /* Frameworks */ = {
			isa = PBXFrameworksBuildPhase;
			buildActionMask = 2147483647;
			files = (
			);
			runOnlyForDeploymentPostprocessing = 0;
		};
/* End PBXFrameworksBuildPhase section */

/* Begin PBXGroup section */
		E3FC0CD81D35E2A400C7D773 = {
			isa = PBXGroup;
			children = (
				E3FC0CE31D35E2A400C7D773 /* SuperCool */,
				E3FC0CE21D35E2A400C7D773 /* Products */,
			);
			sourceTree = "<group>";
		};
		E3FC0CE21D35E2A400C7D773 /* Products */ = {
			isa = PBXGroup;
			children = (
				E3FC0CE11D35E2A400C7D773 /* SuperCool.app */,
			);
			name = Products;
			sourceTree = "<group>";
		};
		E3FC0CE31D35E2A400C7D773 /* SuperCool */ = {
			isa = PBXGroup;
			children = (
				E3FC0CE41D35E2A400C7D773 /* AppDelegate.swift */,
				E3FC0CE61D35E2A400C7D773 /* ViewController.swift */,
				E3FC0CE81D35E2A400C7D773 /* Main.storyboard */,
				E3FC0CEB1D35E2A400C7D773 /* Assets.xcassets */,
				E3FC0CED1D35E2A400C7D773 /* LaunchScreen.storyboard */,
				E3FC0CF01D35E2A400C7D773 /* Info.plist */,
			);
			path = SuperCool;
			sourceTree = "<group>";
		};
/* End PBXGroup section */

/* Begin PBXNativeTarget section */
		E3FC0CE01D35E2A400C7D773 /* SuperCool */ = {
			isa = PBXNativeTarget;
			buildConfigurationList = E3FC0CF31D35E2A400C7D773 /* Build configuration list for PBXNativeTarget "SuperCool" */;
			buildPhases = (
				E3FC0CDD1D35E2A400C7D773 /* Sources */,
				E3FC0CDE1D35E2A400C7D773 /* Frameworks */,
				E3FC0CDF1D35E2A400C7D773 /* Resources */,
			);
			buildRules = (
			);
			dependencies = (
			);
			name = SuperCool;
			productName = SuperCool;
			productReference = E3FC0CE11D35E2A400C7D773 /* SuperCool.app */;
			productType = "com.apple.product-type.application";
		};
/* End PBXNativeTarget section */

/* Begin PBXProject section */
		E3FC0CD91D35E2A400C7D773 /* Project object */ = {
			isa = PBXProject;
			attributes = {
				LastSwiftUpdateCheck = 0730;
				LastUpgradeCheck = 0730;
				ORGANIZATIONNAME = Jervis;
				TargetAttributes = {
					E3FC0CE01D35E2A400C7D773 = {
						CreatedOnToolsVersion = 7.3.1;
					};
				};
			};
			buildConfigurationList = E3FC0CDC1D35E2A400C7D773 /* Build configuration list for PBXProject "SuperCool" */;
			compatibilityVersion = "Xcode 3.2";
			developmentRegion = English;
			hasScannedForEncodings = 0;
			knownRegions = (
				en,
				Base,
			);
			mainGroup = E3FC0CD81D35E2A400C7D773;
			productRefGroup = E3FC0CE21D35E2A400C7D773 /* Products */;
			projectDirPath = "";
			projectRoot = "";
			targets = (
				E3FC0CE01D35E2A400C7D773 /* SuperCool */,
			);
		};
/* End PBXProject section */

/* Begin PBXResourcesBuildPhase section */
		E3FC0CDF1D35E2A400C7D773 /* Resources */ = {
			isa = PBXResourcesBuildPhase;
			buildActionMask = 2147483647;
			files = (
				E3FC0CEF1D35E2A400C7D773 /* LaunchScreen.storyboard in Resources */,
				E3FC0CEC1D35E2A400C7D773 /* Assets.xcassets in Resources */,
				E3FC0CEA1D35E2A400C7D773 /* Main.storyboard in Resources */,
			);
			runOnlyForDeploymentPostprocessing = 0;
		};
/* End PBXResourcesBuildPhase section */

/* Begin PBXSourcesBuildPhase section */
		E3FC0CDD1D35E2A400C7D773 /* Sources */ = {
			isa = PBXSourcesBuildPhase;
			buildActionMask = 2147483647;
			files = (
				E3FC0CE71D35E2A400C7D773 /* ViewController.swift in Sources */,
				E3FC0CE51D35E2A400C7D773 /* AppDelegate.swift in Sources */,
			);
			runOnlyForDeploymentPostprocessing = 0;
		};
/* End PBXSourcesBuildPhase section */

/* Begin PBXVariantGroup section */
		E3FC0CE81D35E2A400C7D773 /* Main.storyboard */ = {
			isa = PBXVariantGroup;
			children = (
				E3FC0CE91D35E2A400C7D773 /* Base */,
			);
			name = Main.storyboard;
			sourceTree = "<group>";
		};
		E3FC0CED1D35E2A400C7D773 /* LaunchScreen.storyboard */ = {
			isa = PBXVariantGroup;
			children = (
				E3FC0CEE1D35E2A400C7D773 /* Base */,
			);
			name = LaunchScreen.storyboard;
			sourceTree = "<group>";
		};
/* End PBXVariantGroup section */

/* Begin XCBuildConfiguration section */
		E3FC0CF11D35E2A400C7D773 /* Debug */ = {
			isa = XCBuildConfiguration;
			buildSettings = {
				ALWAYS_SEARCH_USER_PATHS = NO;
				CLANG_ANALYZER_NONNULL = YES;
				CLANG_CXX_LANGUAGE_STANDARD = "gnu++0x";
				CLANG_CXX_LIBRARY = "libc++";
				CLANG_ENABLE_MODULES = YES;
				CLANG_ENABLE_OBJC_ARC = YES;
				CLANG_WARN_BOOL_CONVERSION = YES;
				CLANG_WARN_CONSTANT_CONVERSION = YES;
				CLANG_WARN_DIRECT_OBJC_ISA_USAGE = YES_ERROR;
				CLANG_WARN_EMPTY_BODY = YES;
				CLANG_WARN_ENUM_CONVERSION = YES;
				CLANG_WARN_INT_CONVERSION = YES;
				CLANG_WARN_OBJC_ROOT_CLASS = YES_ERROR;
				CLANG_WARN_UNREACHABLE_CODE = YES;
				CLANG_WARN__DUPLICATE_METHOD_MATCH = YES;
				"CODE_SIGN_IDENTITY[sdk=iphoneos*]" = "iPhone Developer";
				COPY_PHASE_STRIP = NO;
				DEBUG_INFORMATION_FORMAT = dwarf;
				ENABLE_STRICT_OBJC_MSGSEND = YES;
				ENABLE_TESTABILITY = YES;
				GCC_C_LANGUAGE_STANDARD = gnu99;
				GCC_DYNAMIC_NO_PIC = NO;
				GCC_NO_COMMON_BLOCKS = YES;
				GCC_OPTIMIZATION_LEVEL = 0;
				GCC_PREPROCESSOR_DEFINITIONS = (
					"DEBUG=1",
					"$(inherited)",
				);
				GCC_WARN_64_TO_32_BIT_CONVERSION = YES;
				GCC_WARN_ABOUT_RETURN_TYPE = YES_ERROR;
				GCC_WARN_UNDECLARED_SELECTOR = YES;
				GCC_WARN_UNINITIALIZED_AUTOS = YES_AGGRESSIVE;
				GCC_WARN_UNUSED_FUNCTION = YES;
				GCC_WARN_UNUSED_VARIABLE = YES;
				IPHONEOS_DEPLOYMENT_TARGET = 9.3;
				MTL_ENABLE_DEBUG_INFO = YES;
				ONLY_ACTIVE_ARCH = YES;
				SDKROOT = iphoneos;
				SWIFT_OPTIMIZATION_LEVEL = "-Onone";
			};
			name = Debug;
		};
		E3FC0CF21D35E2A400C7D773 /* Release */ = {
			isa = XCBuildConfiguration;
			buildSettings = {
				ALWAYS_SEARCH_USER_PATHS = NO;
				CLANG_ANALYZER_NONNULL = YES;
				CLANG_CXX_LANGUAGE_STANDARD = "gnu++0x";
				CLANG_CXX_LIBRARY = "libc++";
				CLANG_ENABLE_MODULES = YES;
				CLANG_ENABLE_OBJC_ARC = YES;
				CLANG_WARN_BOOL_CONVERSION = YES;
				CLANG_WARN_CONSTANT_CONVERSION = YES;
				CLANG_WARN_DIRECT_OBJC_ISA_USAGE = YES_ERROR;
				CLANG_WARN_EMPTY_BODY = YES;
				CLANG_WARN_ENUM_CONVERSION = YES;
				CLANG_WARN_INT_CONVERSION = YES;
				CLANG_WARN_OBJC_ROOT_CLASS = YES_ERROR;
				CLANG_WARN_UNREACHABLE_CODE = YES;
				CLANG_WARN__DUPLICATE_METHOD_MATCH = YES;
				"CODE_SIGN_IDENTITY[sdk=iphoneos*]" = "iPhone Developer";
				COPY_PHASE_STRIP = NO;
				DEBUG_INFORMATION_FORMAT = "dwarf-with-dsym";
				ENABLE_NS_ASSERTIONS = NO;
				ENABLE_STRICT_OBJC_MSGSEND = YES;
				GCC_C_LANGUAGE_STANDARD = gnu99;
				GCC_NO_COMMON_BLOCKS = YES;
				GCC_WARN_64_TO_32_BIT_CONVERSION = YES;
				GCC_WARN_ABOUT_RETURN_TYPE = YES_ERROR;
				GCC_WARN_UNDECLARED_SELECTOR = YES;
				GCC_WARN_UNINITIALIZED_AUTOS = YES_AGGRESSIVE;
				GCC_WARN_UNUSED_FUNCTION = YES;
				GCC_WARN_UNUSED_VARIABLE = YES;
				IPHONEOS_DEPLOYMENT_TARGET = 9.3;
				MTL_ENABLE_DEBUG_INFO = NO;
				SDKROOT = iphoneos;
				VALIDATE_PRODUCT = YES;
			};
			name = Release;
		};
		E3FC0CF41D35E2A400C7D773 /* Debug */ = {
			isa = XCBuildConfiguration;
			buildSettings = {
				ASSETCATALOG_COMPILER_APPICON_NAME = AppIcon;
				INFOPLIST_FILE = SuperCool/Info.plist;
				LD_RUNPATH_SEARCH_PATHS = "$(inherited) @executable_path/Frameworks";
				PRODUCT_BUNDLE_IDENTIFIER = com.jervis.SuperCool;
				PRODUCT_NAME = "$(TARGET_NAME)";
			};
			name = Debug;
		};
		E3FC0CF51D35E2A400C7D773 /* Release */ = {
			isa = XCBuildConfiguration;
			buildSettings = {
				ASSETCATALOG_COMPILER_APPICON_NAME = AppIcon;
				INFOPLIST_FILE = SuperCool/Info.plist;
				LD_RUNPATH_SEARCH_PATHS = "$(inherited) @executable_path/Frameworks";
				PRODUCT_BUNDLE_IDENTIFIER = com.jervis.SuperCool;
				PRODUCT_NAME = "$(TARGET_NAME)";
			};
			name = Release;
		};
/* End XCBuildConfiguration section */

/* Begin XCConfigurationList section */
		E3FC0CDC1D35E2A400C7D773 /* Build configuration list for PBXProject "SuperCool" */ = {
			isa = XCConfigurationList;
			buildConfigurations = (
				E3FC0CF11D35E2A400C7D773 /* Debug */,
				E3FC0CF21D35E2A400C7D773 /* Release */,
			);
			defaultConfigurationIsVisible = 0;
			defaultConfigurationName = Release;
		};
		E3FC0CF31D35E2A400C7D773 /* Build configuration list for PBXNativeTarget "SuperCool" */ = {
			isa = XCConfigurationList;
			buildConfigurations = (
				E3FC0CF41D35E2A400C7D773 /* Debug */,
				E3FC0CF51D35E2A400C7D773 /* Release */,
			);
			defaultConfigurationIsVisible = 0;
		};
/* End XCConfigurationList section */
	};
	rootObject = E3FC0CD91D35E2A400C7D773 /* Project object */;
}
